
Microsoft Visual Studio Solution File, Format Version 12.00
# Visual Studio Version 17
VisualStudioVersion = 17.5.002.0
MinimumVisualStudioVersion = 10.0.40219.1
Project("{9A19103F-16F7-4668-BE54-9A1E7A4F7556}") = "backend", "backend\backend.csproj", "{BAA0865F-8801-4BA1-94BB-F49D0FECE272}"
EndProject
Global
	GlobalSection(SolutionConfigurationPlatforms) = preSolution
		Debug|Any CPU = Debug|Any CPU
		Release|Any CPU = Release|Any CPU
	EndGlobalSection
	GlobalSection(ProjectConfigurationPlatforms) = postSolution
		{BAA0865F-8801-4BA1-94BB-F49D0FECE272}.Debug|Any CPU.ActiveCfg = Debug|Any CPU
		{BAA0865F-8801-4BA1-94BB-F49D0FECE272}.Debug|Any CPU.Build.0 = Debug|Any CPU
		{BAA0865F-8801-4BA1-94BB-F49D0FECE272}.Release|Any CPU.ActiveCfg = Release|Any CPU
		{BAA0865F-8801-4BA1-94BB-F49D0FECE272}.Release|Any CPU.Build.0 = Release|Any CPU
	EndGlobalSection
	GlobalSection(SolutionProperties) = preSolution
		HideSolutionNode = FALSE
	EndGlobalSection
	GlobalSection(ExtensibilityGlobals) = postSolution
		SolutionGuid = {416BD92D-645A-4718-8509-31EC44BA0F27}
	EndGlobalSection
EndGlobal
